
Microsoft Visual Studio Solution File, Format Version 12.00
# Visual Studio Version 16
VisualStudioVersion = 16.0.29324.140
MinimumVisualStudioVersion = 10.0.40219.1
Project("{FAE04EC0-301F-11D3-BF4B-00C04F79EFBC}") = "1.3", "1.3\1.3.csproj", "{4F7D2EBE-E7B6-466F-AE52-AE184E69507E}"
EndProject
Global
	GlobalSection(SolutionConfigurationPlatforms) = preSolution
		Debug|Any CPU = Debug|Any CPU
		Release|Any CPU = Release|Any CPU
	EndGlobalSection
	GlobalSection(ProjectConfigurationPlatforms) = postSolution
		{4F7D2EBE-E7B6-466F-AE52-AE184E69507E}.Debug|Any CPU.ActiveCfg = Debug|Any CPU
		{4F7D2EBE-E7B6-466F-AE52-AE184E69507E}.Debug|Any CPU.Build.0 = Debug|Any CPU
		{4F7D2EBE-E7B6-466F-AE52-AE184E69507E}.Release|Any CPU.ActiveCfg = Release|Any CPU
		{4F7D2EBE-E7B6-466F-AE52-AE184E69507E}.Release|Any CPU.Build.0 = Release|Any CPU
	EndGlobalSection
	GlobalSection(SolutionProperties) = preSolution
		HideSolutionNode = FALSE
	EndGlobalSection
	GlobalSection(ExtensibilityGlobals) = postSolution
		SolutionGuid = {BF4BACD3-DD47-4AAB-95C5-DD9360F22C43}
	EndGlobalSection
EndGlobal
